
Microsoft Visual Studio Solution File, Format Version 12.00
# Visual Studio Version 17
VisualStudioVersion = 17.13.35825.156
MinimumVisualStudioVersion = 10.0.40219.1
Project("{FAE04EC0-301F-11D3-BF4B-00C04F79EFBC}") = "CourseFinalyProject.WebApi", "CourseFinalyProject.WebApi\CourseFinalyProject.WebApi.csproj", "{95F78C03-D194-4D93-A0F3-ADC68B3C4485}"
EndProject
Project("{FAE04EC0-301F-11D3-BF4B-00C04F79EFBC}") = "CourseFinalyProject.Business", "CourseFinalyProject.Business\CourseFinalyProject.Business.csproj", "{8DE97377-E3F3-459D-9DC1-0306098D2C65}"
EndProject
Project("{FAE04EC0-301F-11D3-BF4B-00C04F79EFBC}") = "Core", "Core\Core.csproj", "{EEE024E6-123F-4DAE-B8B3-D85176500CBA}"
EndProject
Project("{FAE04EC0-301F-11D3-BF4B-00C04F79EFBC}") = "CourseFinalyProject.Entities", "CourseFinalyProject.Entities\CourseFinalyProject.Entities.csproj", "{8DF3F4DF-C032-4554-A22E-FE4A56BB805F}"
EndProject
Project("{FAE04EC0-301F-11D3-BF4B-00C04F79EFBC}") = "CourseFinalyProject.DataAccess", "CourseFinalyProject.DataAccess\CourseFinalyProject.DataAccess.csproj", "{583FFA40-2D29-4354-B4E4-F322FE661085}"
EndProject
Project("{FAE04EC0-301F-11D3-BF4B-00C04F79EFBC}") = "CourseFinalyProject.UI", "CourseFinalyProject.UI\CourseFinalyProject.UI.csproj", "{BF2980E5-8BD5-427B-9292-341866261E1B}"
EndProject
Global
	GlobalSection(SolutionConfigurationPlatforms) = preSolution
		Debug|Any CPU = Debug|Any CPU
		Release|Any CPU = Release|Any CPU
	EndGlobalSection
	GlobalSection(ProjectConfigurationPlatforms) = postSolution
		{95F78C03-D194-4D93-A0F3-ADC68B3C4485}.Debug|Any CPU.ActiveCfg = Debug|Any CPU
		{95F78C03-D194-4D93-A0F3-ADC68B3C4485}.Debug|Any CPU.Build.0 = Debug|Any CPU
		{95F78C03-D194-4D93-A0F3-ADC68B3C4485}.Release|Any CPU.ActiveCfg = Release|Any CPU
		{95F78C03-D194-4D93-A0F3-ADC68B3C4485}.Release|Any CPU.Build.0 = Release|Any CPU
		{8DE97377-E3F3-459D-9DC1-0306098D2C65}.Debug|Any CPU.ActiveCfg = Debug|Any CPU
		{8DE97377-E3F3-459D-9DC1-0306098D2C65}.Debug|Any CPU.Build.0 = Debug|Any CPU
		{8DE97377-E3F3-459D-9DC1-0306098D2C65}.Release|Any CPU.ActiveCfg = Release|Any CPU
		{8DE97377-E3F3-459D-9DC1-0306098D2C65}.Release|Any CPU.Build.0 = Release|Any CPU
		{EEE024E6-123F-4DAE-B8B3-D85176500CBA}.Debug|Any CPU.ActiveCfg = Debug|Any CPU
		{EEE024E6-123F-4DAE-B8B3-D85176500CBA}.Debug|Any CPU.Build.0 = Debug|Any CPU
		{EEE024E6-123F-4DAE-B8B3-D85176500CBA}.Release|Any CPU.ActiveCfg = Release|Any CPU
		{EEE024E6-123F-4DAE-B8B3-D85176500CBA}.Release|Any CPU.Build.0 = Release|Any CPU
		{8DF3F4DF-C032-4554-A22E-FE4A56BB805F}.Debug|Any CPU.ActiveCfg = Debug|Any CPU
		{8DF3F4DF-C032-4554-A22E-FE4A56BB805F}.Debug|Any CPU.Build.0 = Debug|Any CPU
		{8DF3F4DF-C032-4554-A22E-FE4A56BB805F}.Release|Any CPU.ActiveCfg = Release|Any CPU
		{8DF3F4DF-C032-4554-A22E-FE4A56BB805F}.Release|Any CPU.Build.0 = Release|Any CPU
		{583FFA40-2D29-4354-B4E4-F322FE661085}.Debug|Any CPU.ActiveCfg = Debug|Any CPU
		{583FFA40-2D29-4354-B4E4-F322FE661085}.Debug|Any CPU.Build.0 = Debug|Any CPU
		{583FFA40-2D29-4354-B4E4-F322FE661085}.Release|Any CPU.ActiveCfg = Release|Any CPU
		{583FFA40-2D29-4354-B4E4-F322FE661085}.Release|Any CPU.Build.0 = Release|Any CPU
		{BF2980E5-8BD5-427B-9292-341866261E1B}.Debug|Any CPU.ActiveCfg = Debug|Any CPU
		{BF2980E5-8BD5-427B-9292-341866261E1B}.Debug|Any CPU.Build.0 = Debug|Any CPU
		{BF2980E5-8BD5-427B-9292-341866261E1B}.Release|Any CPU.ActiveCfg = Release|Any CPU
		{BF2980E5-8BD5-427B-9292-341866261E1B}.Release|Any CPU.Build.0 = Release|Any CPU
	EndGlobalSection
	GlobalSection(SolutionProperties) = preSolution
		HideSolutionNode = FALSE
	EndGlobalSection
	GlobalSection(ExtensibilityGlobals) = postSolution
		SolutionGuid = {8AEFD6B7-2772-4D62-96CB-84379E9A4A63}
	EndGlobalSection
EndGlobal
